// !$*UTF8*$!
{
	archiveVersion = 1;
	classes = {
	};
	objectVersion = 56;
	objects = {

/* Begin PBXBuildFile section */
		950F77DF2C2C54C600EE3FF9 /* connectingToGitHub2App.swift in Sources */ = {isa = PBXBuildFile; fileRef = 950F77DE2C2C54C600EE3FF9 /* connectingToGitHub2App.swift */; };
		950F77E12C2C54C600EE3FF9 /* ContentView.swift in Sources */ = {isa = PBXBuildFile; fileRef = 950F77E02C2C54C600EE3FF9 /* ContentView.swift */; };
		950F77E32C2C54C700EE3FF9 /* Assets.xcassets in Resources */ = {isa = PBXBuildFile; fileRef = 950F77E22C2C54C700EE3FF9 /* Assets.xcassets */; };
		950F77E62C2C54C700EE3FF9 /* Preview Assets.xcassets in Resources */ = {isa = PBXBuildFile; fileRef = 950F77E52C2C54C700EE3FF9 /* Preview Assets.xcassets */; };
		950F77F02C2C54C800EE3FF9 /* connectingToGitHub2Tests.swift in Sources */ = {isa = PBXBuildFile; fileRef = 950F77EF2C2C54C800EE3FF9 /* connectingToGitHub2Tests.swift */; };
		950F77FA2C2C54C800EE3FF9 /* connectingToGitHub2UITests.swift in Sources */ = {isa = PBXBuildFile; fileRef = 950F77F92C2C54C800EE3FF9 /* connectingToGitHub2UITests.swift */; };
		950F77FC2C2C54C800EE3FF9 /* connectingToGitHub2UITestsLaunchTests.swift in Sources */ = {isa = PBXBuildFile; fileRef = 950F77FB2C2C54C800EE3FF9 /* connectingToGitHub2UITestsLaunchTests.swift */; };
/* End PBXBuildFile section */

/* Begin PBXContainerItemProxy section */
		950F77EC2C2C54C800EE3FF9 /* PBXContainerItemProxy */ = {
			isa = PBXContainerItemProxy;
			containerPortal = 950F77D32C2C54C600EE3FF9 /* Project object */;
			proxyType = 1;
			remoteGlobalIDString = 950F77DA2C2C54C600EE3FF9;
			remoteInfo = connectingToGitHub2;
		};
		950F77F62C2C54C800EE3FF9 /* PBXContainerItemProxy */ = {
			isa = PBXContainerItemProxy;
			containerPortal = 950F77D32C2C54C600EE3FF9 /* Project object */;
			proxyType = 1;
			remoteGlobalIDString = 950F77DA2C2C54C600EE3FF9;
			remoteInfo = connectingToGitHub2;
		};
/* End PBXContainerItemProxy section */

/* Begin PBXFileReference section */
		950F77DB2C2C54C600EE3FF9 /* connectingToGitHub2.app */ = {isa = PBXFileReference; explicitFileType = wrapper.application; includeInIndex = 0; path = connectingToGitHub2.app; sourceTree = BUILT_PRODUCTS_DIR; };
		950F77DE2C2C54C600EE3FF9 /* connectingToGitHub2App.swift */ = {isa = PBXFileReference; lastKnownFileType = sourcecode.swift; path = connectingToGitHub2App.swift; sourceTree = "<group>"; };
		950F77E02C2C54C600EE3FF9 /* ContentView.swift */ = {isa = PBXFileReference; lastKnownFileType = sourcecode.swift; path = ContentView.swift; sourceTree = "<group>"; };
		950F77E22C2C54C700EE3FF9 /* Assets.xcassets */ = {isa = PBXFileReference; lastKnownFileType = folder.assetcatalog; path = Assets.xcassets; sourceTree = "<group>"; };
		950F77E52C2C54C700EE3FF9 /* Preview Assets.xcassets */ = {isa = PBXFileReference; lastKnownFileType = folder.assetcatalog; path = "Preview Assets.xcassets"; sourceTree = "<group>"; };
		950F77EB2C2C54C800EE3FF9 /* connectingToGitHub2Tests.xctest */ = {isa = PBXFileReference; explicitFileType = wrapper.cfbundle; includeInIndex = 0; path = connectingToGitHub2Tests.xctest; sourceTree = BUILT_PRODUCTS_DIR; };
		950F77EF2C2C54C800EE3FF9 /* connectingToGitHub2Tests.swift */ = {isa = PBXFileReference; lastKnownFileType = sourcecode.swift; path = connectingToGitHub2Tests.swift; sourceTree = "<group>"; };
		950F77F52C2C54C800EE3FF9 /* connectingToGitHub2UITests.xctest */ = {isa = PBXFileReference; explicitFileType = wrapper.cfbundle; includeInIndex = 0; path = connectingToGitHub2UITests.xctest; sourceTree = BUILT_PRODUCTS_DIR; };
		950F77F92C2C54C800EE3FF9 /* connectingToGitHub2UITests.swift */ = {isa = PBXFileReference; lastKnownFileType = sourcecode.swift; path = connectingToGitHub2UITests.swift; sourceTree = "<group>"; };
		950F77FB2C2C54C800EE3FF9 /* connectingToGitHub2UITestsLaunchTests.swift */ = {isa = PBXFileReference; lastKnownFileType = sourcecode.swift; path = connectingToGitHub2UITestsLaunchTests.swift; sourceTree = "<group>"; };
/* End PBXFileReference section */

/* Begin PBXFrameworksBuildPhase section */
		950F77D82C2C54C600EE3FF9 /* Frameworks */ = {
			isa = PBXFrameworksBuildPhase;
			buildActionMask = 2147483647;
			files = (
			);
			runOnlyForDeploymentPostprocessing = 0;
		};
		950F77E82C2C54C800EE3FF9 /* Frameworks */ = {
			isa = PBXFrameworksBuildPhase;
			buildActionMask = 2147483647;
			files = (
			);
			runOnlyForDeploymentPostprocessing = 0;
		};
		950F77F22C2C54C800EE3FF9 /* Frameworks */ = {
			isa = PBXFrameworksBuildPhase;
			buildActionMask = 2147483647;
			files = (
			);
			runOnlyForDeploymentPostprocessing = 0;
		};
/* End PBXFrameworksBuildPhase section */

/* Begin PBXGroup section */
		950F77D22C2C54C600EE3FF9 = {
			isa = PBXGroup;
			children = (
				950F77DD2C2C54C600EE3FF9 /* connectingToGitHub2 */,
				950F77EE2C2C54C800EE3FF9 /* connectingToGitHub2Tests */,
				950F77F82C2C54C800EE3FF9 /* connectingToGitHub2UITests */,
				950F77DC2C2C54C600EE3FF9 /* Products */,
			);
			sourceTree = "<group>";
		};
		950F77DC2C2C54C600EE3FF9 /* Products */ = {
			isa = PBXGroup;
			children = (
				950F77DB2C2C54C600EE3FF9 /* connectingToGitHub2.app */,
				950F77EB2C2C54C800EE3FF9 /* connectingToGitHub2Tests.xctest */,
				950F77F52C2C54C800EE3FF9 /* connectingToGitHub2UITests.xctest */,
			);
			name = Products;
			sourceTree = "<group>";
		};
		950F77DD2C2C54C600EE3FF9 /* connectingToGitHub2 */ = {
			isa = PBXGroup;
			children = (
				950F77DE2C2C54C600EE3FF9 /* connectingToGitHub2App.swift */,
				950F77E02C2C54C600EE3FF9 /* ContentView.swift */,
				950F77E22C2C54C700EE3FF9 /* Assets.xcassets */,
				950F77E42C2C54C700EE3FF9 /* Preview Content */,
			);
			path = connectingToGitHub2;
			sourceTree = "<group>";
		};
		950F77E42C2C54C700EE3FF9 /* Preview Content */ = {
			isa = PBXGroup;
			children = (
				950F77E52C2C54C700EE3FF9 /* Preview Assets.xcassets */,
			);
			path = "Preview Content";
			sourceTree = "<group>";
		};
		950F77EE2C2C54C800EE3FF9 /* connectingToGitHub2Tests */ = {
			isa = PBXGroup;
			children = (
				950F77EF2C2C54C800EE3FF9 /* connectingToGitHub2Tests.swift */,
			);
			path = connectingToGitHub2Tests;
			sourceTree = "<group>";
		};
		950F77F82C2C54C800EE3FF9 /* connectingToGitHub2UITests */ = {
			isa = PBXGroup;
			children = (
				950F77F92C2C54C800EE3FF9 /* connectingToGitHub2UITests.swift */,
				950F77FB2C2C54C800EE3FF9 /* connectingToGitHub2UITestsLaunchTests.swift */,
			);
			path = connectingToGitHub2UITests;
			sourceTree = "<group>";
		};
/* End PBXGroup section */

/* Begin PBXNativeTarget section */
		950F77DA2C2C54C600EE3FF9 /* connectingToGitHub2 */ = {
			isa = PBXNativeTarget;
			buildConfigurationList = 950F77FF2C2C54C800EE3FF9 /* Build configuration list for PBXNativeTarget "connectingToGitHub2" */;
			buildPhases = (
				950F77D72C2C54C600EE3FF9 /* Sources */,
				950F77D82C2C54C600EE3FF9 /* Frameworks */,
				950F77D92C2C54C600EE3FF9 /* Resources */,
			);
			buildRules = (
			);
			dependencies = (
			);
			name = connectingToGitHub2;
			productName = connectingToGitHub2;
			productReference = 950F77DB2C2C54C600EE3FF9 /* connectingToGitHub2.app */;
			productType = "com.apple.product-type.application";
		};
		950F77EA2C2C54C800EE3FF9 /* connectingToGitHub2Tests */ = {
			isa = PBXNativeTarget;
			buildConfigurationList = 950F78022C2C54C800EE3FF9 /* Build configuration list for PBXNativeTarget "connectingToGitHub2Tests" */;
			buildPhases = (
				950F77E72C2C54C800EE3FF9 /* Sources */,
				950F77E82C2C54C800EE3FF9 /* Frameworks */,
				950F77E92C2C54C800EE3FF9 /* Resources */,
			);
			buildRules = (
			);
			dependencies = (
				950F77ED2C2C54C800EE3FF9 /* PBXTargetDependency */,
			);
			name = connectingToGitHub2Tests;
			productName = connectingToGitHub2Tests;
			productReference = 950F77EB2C2C54C800EE3FF9 /* connectingToGitHub2Tests.xctest */;
			productType = "com.apple.product-type.bundle.unit-test";
		};
		950F77F42C2C54C800EE3FF9 /* connectingToGitHub2UITests */ = {
			isa = PBXNativeTarget;
			buildConfigurationList = 950F78052C2C54C800EE3FF9 /* Build configuration list for PBXNativeTarget "connectingToGitHub2UITests" */;
			buildPhases = (
				950F77F12C2C54C800EE3FF9 /* Sources */,
				950F77F22C2C54C800EE3FF9 /* Frameworks */,
				950F77F32C2C54C800EE3FF9 /* Resources */,
			);
			buildRules = (
			);
			dependencies = (
				950F77F72C2C54C800EE3FF9 /* PBXTargetDependency */,
			);
			name = connectingToGitHub2UITests;
			productName = connectingToGitHub2UITests;
			productReference = 950F77F52C2C54C800EE3FF9 /* connectingToGitHub2UITests.xctest */;
			productType = "com.apple.product-type.bundle.ui-testing";
		};
/* End PBXNativeTarget section */

/* Begin PBXProject section */
		950F77D32C2C54C600EE3FF9 /* Project object */ = {
			isa = PBXProject;
			attributes = {
				BuildIndependentTargetsInParallel = 1;
				LastSwiftUpdateCheck = 1530;
				LastUpgradeCheck = 1530;
				TargetAttributes = {
					950F77DA2C2C54C600EE3FF9 = {
						CreatedOnToolsVersion = 15.3;
					};
					950F77EA2C2C54C800EE3FF9 = {
						CreatedOnToolsVersion = 15.3;
						TestTargetID = 950F77DA2C2C54C600EE3FF9;
					};
					950F77F42C2C54C800EE3FF9 = {
						CreatedOnToolsVersion = 15.3;
						TestTargetID = 950F77DA2C2C54C600EE3FF9;
					};
				};
			};
			buildConfigurationList = 950F77D62C2C54C600EE3FF9 /* Build configuration list for PBXProject "connectingToGitHub2" */;
			compatibilityVersion = "Xcode 14.0";
			developmentRegion = en;
			hasScannedForEncodings = 0;
			knownRegions = (
				en,
				Base,
			);
			mainGroup = 950F77D22C2C54C600EE3FF9;
			productRefGroup = 950F77DC2C2C54C600EE3FF9 /* Products */;
			projectDirPath = "";
			projectRoot = "";
			targets = (
				950F77DA2C2C54C600EE3FF9 /* connectingToGitHub2 */,
				950F77EA2C2C54C800EE3FF9 /* connectingToGitHub2Tests */,
				950F77F42C2C54C800EE3FF9 /* connectingToGitHub2UITests */,
			);
		};
/* End PBXProject section */

/* Begin PBXResourcesBuildPhase section */
		950F77D92C2C54C600EE3FF9 /* Resources */ = {
			isa = PBXResourcesBuildPhase;
			buildActionMask = 2147483647;
			files = (
				950F77E62C2C54C700EE3FF9 /* Preview Assets.xcassets in Resources */,
				950F77E32C2C54C700EE3FF9 /* Assets.xcassets in Resources */,
			);
			runOnlyForDeploymentPostprocessing = 0;
		};
		950F77E92C2C54C800EE3FF9 /* Resources */ = {
			isa = PBXResourcesBuildPhase;
			buildActionMask = 2147483647;
			files = (
			);
			runOnlyForDeploymentPostprocessing = 0;
		};
		950F77F32C2C54C800EE3FF9 /* Resources */ = {
			isa = PBXResourcesBuildPhase;
			buildActionMask = 2147483647;
			files = (
			);
			runOnlyForDeploymentPostprocessing = 0;
		};
/* End PBXResourcesBuildPhase section */

/* Begin PBXSourcesBuildPhase section */
		950F77D72C2C54C600EE3FF9 /* Sources */ = {
			isa = PBXSourcesBuildPhase;
			buildActionMask = 2147483647;
			files = (
				950F77E12C2C54C600EE3FF9 /* ContentView.swift in Sources */,
				950F77DF2C2C54C600EE3FF9 /* connectingToGitHub2App.swift in Sources */,
			);
			runOnlyForDeploymentPostprocessing = 0;
		};
		950F77E72C2C54C800EE3FF9 /* Sources */ = {
			isa = PBXSourcesBuildPhase;
			buildActionMask = 2147483647;
			files = (
				950F77F02C2C54C800EE3FF9 /* connectingToGitHub2Tests.swift in Sources */,
			);
			runOnlyForDeploymentPostprocessing = 0;
		};
		950F77F12C2C54C800EE3FF9 /* Sources */ = {
			isa = PBXSourcesBuildPhase;
			buildActionMask = 2147483647;
			files = (
				950F77FA2C2C54C800EE3FF9 /* connectingToGitHub2UITests.swift in Sources */,
				950F77FC2C2C54C800EE3FF9 /* connectingToGitHub2UITestsLaunchTests.swift in Sources */,
			);
			runOnlyForDeploymentPostprocessing = 0;
		};
/* End PBXSourcesBuildPhase section */

/* Begin PBXTargetDependency section */
		950F77ED2C2C54C800EE3FF9 /* PBXTargetDependency */ = {
			isa = PBXTargetDependency;
			target = 950F77DA2C2C54C600EE3FF9 /* connectingToGitHub2 */;
			targetProxy = 950F77EC2C2C54C800EE3FF9 /* PBXContainerItemProxy */;
		};
		950F77F72C2C54C800EE3FF9 /* PBXTargetDependency */ = {
			isa = PBXTargetDependency;
			target = 950F77DA2C2C54C600EE3FF9 /* connectingToGitHub2 */;
			targetProxy = 950F77F62C2C54C800EE3FF9 /* PBXContainerItemProxy */;
		};
/* End PBXTargetDependency section */

/* Begin XCBuildConfiguration section */
		950F77FD2C2C54C800EE3FF9 /* Debug */ = {
			isa = XCBuildConfiguration;
			buildSettings = {
				ALWAYS_SEARCH_USER_PATHS = NO;
				ASSETCATALOG_COMPILER_GENERATE_SWIFT_ASSET_SYMBOL_EXTENSIONS = YES;
				CLANG_ANALYZER_NONNULL = YES;
				CLANG_ANALYZER_NUMBER_OBJECT_CONVERSION = YES_AGGRESSIVE;
				CLANG_CXX_LANGUAGE_STANDARD = "gnu++20";
				CLANG_ENABLE_MODULES = YES;
				CLANG_ENABLE_OBJC_ARC = YES;
				CLANG_ENABLE_OBJC_WEAK = YES;
				CLANG_WARN_BLOCK_CAPTURE_AUTORELEASING = YES;
				CLANG_WARN_BOOL_CONVERSION = YES;
				CLANG_WARN_COMMA = YES;
				CLANG_WARN_CONSTANT_CONVERSION = YES;
				CLANG_WARN_DEPRECATED_OBJC_IMPLEMENTATIONS = YES;
				CLANG_WARN_DIRECT_OBJC_ISA_USAGE = YES_ERROR;
				CLANG_WARN_DOCUMENTATION_COMMENTS = YES;
				CLANG_WARN_EMPTY_BODY = YES;
				CLANG_WARN_ENUM_CONVERSION = YES;
				CLANG_WARN_INFINITE_RECURSION = YES;
				CLANG_WARN_INT_CONVERSION = YES;
				CLANG_WARN_NON_LITERAL_NULL_CONVERSION = YES;
				CLANG_WARN_OBJC_IMPLICIT_RETAIN_SELF = YES;
				CLANG_WARN_OBJC_LITERAL_CONVERSION = YES;
				CLANG_WARN_OBJC_ROOT_CLASS = YES_ERROR;
				CLANG_WARN_QUOTED_INCLUDE_IN_FRAMEWORK_HEADER = YES;
				CLANG_WARN_RANGE_LOOP_ANALYSIS = YES;
				CLANG_WARN_STRICT_PROTOTYPES = YES;
				CLANG_WARN_SUSPICIOUS_MOVE = YES;
				CLANG_WARN_UNGUARDED_AVAILABILITY = YES_AGGRESSIVE;
				CLANG_WARN_UNREACHABLE_CODE = YES;
				CLANG_WARN__DUPLICATE_METHOD_MATCH = YES;
				COPY_PHASE_STRIP = NO;
				DEBUG_INFORMATION_FORMAT = dwarf;
				ENABLE_STRICT_OBJC_MSGSEND = YES;
				ENABLE_TESTABILITY = YES;
				ENABLE_USER_SCRIPT_SANDBOXING = YES;
				GCC_C_LANGUAGE_STANDARD = gnu17;
				GCC_DYNAMIC_NO_PIC = NO;
				GCC_NO_COMMON_BLOCKS = YES;
				GCC_OPTIMIZATION_LEVEL = 0;
				GCC_PREPROCESSOR_DEFINITIONS = (
					"DEBUG=1",
					"$(inherited)",
				);
				GCC_WARN_64_TO_32_BIT_CONVERSION = YES;
				GCC_WARN_ABOUT_RETURN_TYPE = YES_ERROR;
				GCC_WARN_UNDECLARED_SELECTOR = YES;
				GCC_WARN_UNINITIALIZED_AUTOS = YES_AGGRESSIVE;
				GCC_WARN_UNUSED_FUNCTION = YES;
				GCC_WARN_UNUSED_VARIABLE = YES;
				IPHONEOS_DEPLOYMENT_TARGET = 17.4;
				LOCALIZATION_PREFERS_STRING_CATALOGS = YES;
				MTL_ENABLE_DEBUG_INFO = INCLUDE_SOURCE;
				MTL_FAST_MATH = YES;
				ONLY_ACTIVE_ARCH = YES;
				SDKROOT = iphoneos;
				SWIFT_ACTIVE_COMPILATION_CONDITIONS = "DEBUG $(inherited)";
				SWIFT_OPTIMIZATION_LEVEL = "-Onone";
			};
			name = Debug;
		};
		950F77FE2C2C54C800EE3FF9 /* Release */ = {
			isa = XCBuildConfiguration;
			buildSettings = {
				ALWAYS_SEARCH_USER_PATHS = NO;
				ASSETCATALOG_COMPILER_GENERATE_SWIFT_ASSET_SYMBOL_EXTENSIONS = YES;
				CLANG_ANALYZER_NONNULL = YES;
				CLANG_ANALYZER_NUMBER_OBJECT_CONVERSION = YES_AGGRESSIVE;
				CLANG_CXX_LANGUAGE_STANDARD = "gnu++20";
				CLANG_ENABLE_MODULES = YES;
				CLANG_ENABLE_OBJC_ARC = YES;
				CLANG_ENABLE_OBJC_WEAK = YES;
				CLANG_WARN_BLOCK_CAPTURE_AUTORELEASING = YES;
				CLANG_WARN_BOOL_CONVERSION = YES;
				CLANG_WARN_COMMA = YES;
				CLANG_WARN_CONSTANT_CONVERSION = YES;
				CLANG_WARN_DEPRECATED_OBJC_IMPLEMENTATIONS = YES;
				CLANG_WARN_DIRECT_OBJC_ISA_USAGE = YES_ERROR;
				CLANG_WARN_DOCUMENTATION_COMMENTS = YES;
				CLANG_WARN_EMPTY_BODY = YES;
				CLANG_WARN_ENUM_CONVERSION = YES;
				CLANG_WARN_INFINITE_RECURSION = YES;
				CLANG_WARN_INT_CONVERSION = YES;
				CLANG_WARN_NON_LITERAL_NULL_CONVERSION = YES;
				CLANG_WARN_OBJC_IMPLICIT_RETAIN_SELF = YES;
				CLANG_WARN_OBJC_LITERAL_CONVERSION = YES;
				CLANG_WARN_OBJC_ROOT_CLASS = YES_ERROR;
				CLANG_WARN_QUOTED_INCLUDE_IN_FRAMEWORK_HEADER = YES;
				CLANG_WARN_RANGE_LOOP_ANALYSIS = YES;
				CLANG_WARN_STRICT_PROTOTYPES = YES;
				CLANG_WARN_SUSPICIOUS_MOVE = YES;
				CLANG_WARN_UNGUARDED_AVAILABILITY = YES_AGGRESSIVE;
				CLANG_WARN_UNREACHABLE_CODE = YES;
				CLANG_WARN__DUPLICATE_METHOD_MATCH = YES;
				COPY_PHASE_STRIP = NO;
				DEBUG_INFORMATION_FORMAT = "dwarf-with-dsym";
				ENABLE_NS_ASSERTIONS = NO;
				ENABLE_STRICT_OBJC_MSGSEND = YES;
				ENABLE_USER_SCRIPT_SANDBOXING = YES;
				GCC_C_LANGUAGE_STANDARD = gnu17;
				GCC_NO_COMMON_BLOCKS = YES;
				GCC_WARN_64_TO_32_BIT_CONVERSION = YES;
				GCC_WARN_ABOUT_RETURN_TYPE = YES_ERROR;
				GCC_WARN_UNDECLARED_SELECTOR = YES;
				GCC_WARN_UNINITIALIZED_AUTOS = YES_AGGRESSIVE;
				GCC_WARN_UNUSED_FUNCTION = YES;
				GCC_WARN_UNUSED_VARIABLE = YES;
				IPHONEOS_DEPLOYMENT_TARGET = 17.4;
				LOCALIZATION_PREFERS_STRING_CATALOGS = YES;
				MTL_ENABLE_DEBUG_INFO = NO;
				MTL_FAST_MATH = YES;
				SDKROOT = iphoneos;
				SWIFT_COMPILATION_MODE = wholemodule;
				VALIDATE_PRODUCT = YES;
			};
			name = Release;
		};
		950F78002C2C54C800EE3FF9 /* Debug */ = {
			isa = XCBuildConfiguration;
			buildSettings = {
				ASSETCATALOG_COMPILER_APPICON_NAME = AppIcon;
				ASSETCATALOG_COMPILER_GLOBAL_ACCENT_COLOR_NAME = AccentColor;
				CODE_SIGN_STYLE = Automatic;
				CURRENT_PROJECT_VERSION = 1;
				DEVELOPMENT_ASSET_PATHS = "\"connectingToGitHub2/Preview Content\"";
				DEVELOPMENT_TEAM = 6X5K6FX2KM;
				ENABLE_PREVIEWS = YES;
				GENERATE_INFOPLIST_FILE = YES;
				INFOPLIST_KEY_UIApplicationSceneManifest_Generation = YES;
				INFOPLIST_KEY_UIApplicationSupportsIndirectInputEvents = YES;
				INFOPLIST_KEY_UILaunchScreen_Generation = YES;
				INFOPLIST_KEY_UISupportedInterfaceOrientations_iPad = "UIInterfaceOrientationPortrait UIInterfaceOrientationPortraitUpsideDown UIInterfaceOrientationLandscapeLeft UIInterfaceOrientationLandscapeRight";
				INFOPLIST_KEY_UISupportedInterfaceOrientations_iPhone = "UIInterfaceOrientationPortrait UIInterfaceOrientationLandscapeLeft UIInterfaceOrientationLandscapeRight";
				LD_RUNPATH_SEARCH_PATHS = (
					"$(inherited)",
					"@executable_path/Frameworks",
				);
				MARKETING_VERSION = 1.0;
				PRODUCT_BUNDLE_IDENTIFIER = kwk.connectingToGitHub2;
				PRODUCT_NAME = "$(TARGET_NAME)";
				SWIFT_EMIT_LOC_STRINGS = YES;
				SWIFT_VERSION = 5.0;
				TARGETED_DEVICE_FAMILY = "1,2";
			};
			name = Debug;
		};
		950F78012C2C54C800EE3FF9 /* Release */ = {
			isa = XCBuildConfiguration;
			buildSettings = {
				ASSETCATALOG_COMPILER_APPICON_NAME = AppIcon;
				ASSETCATALOG_COMPILER_GLOBAL_ACCENT_COLOR_NAME = AccentColor;
				CODE_SIGN_STYLE = Automatic;
				CURRENT_PROJECT_VERSION = 1;
				DEVELOPMENT_ASSET_PATHS = "\"connectingToGitHub2/Preview Content\"";
				DEVELOPMENT_TEAM = 6X5K6FX2KM;
				ENABLE_PREVIEWS = YES;
				GENERATE_INFOPLIST_FILE = YES;
				INFOPLIST_KEY_UIApplicationSceneManifest_Generation = YES;
				INFOPLIST_KEY_UIApplicationSupportsIndirectInputEvents = YES;
				INFOPLIST_KEY_UILaunchScreen_Generation = YES;
				INFOPLIST_KEY_UISupportedInterfaceOrientations_iPad = "UIInterfaceOrientationPortrait UIInterfaceOrientationPortraitUpsideDown UIInterfaceOrientationLandscapeLeft UIInterfaceOrientationLandscapeRight";
				INFOPLIST_KEY_UISupportedInterfaceOrientations_iPhone = "UIInterfaceOrientationPortrait UIInterfaceOrientationLandscapeLeft UIInterfaceOrientationLandscapeRight";
				LD_RUNPATH_SEARCH_PATHS = (
					"$(inherited)",
					"@executable_path/Frameworks",
				);
				MARKETING_VERSION = 1.0;
				PRODUCT_BUNDLE_IDENTIFIER = kwk.connectingToGitHub2;
				PRODUCT_NAME = "$(TARGET_NAME)";
				SWIFT_EMIT_LOC_STRINGS = YES;
				SWIFT_VERSION = 5.0;
				TARGETED_DEVICE_FAMILY = "1,2";
			};
			name = Release;
		};
		950F78032C2C54C800EE3FF9 /* Debug */ = {
			isa = XCBuildConfiguration;
			buildSettings = {
				ALWAYS_EMBED_SWIFT_STANDARD_LIBRARIES = YES;
				BUNDLE_LOADER = "$(TEST_HOST)";
				CODE_SIGN_STYLE = Automatic;
				CURRENT_PROJECT_VERSION = 1;
				DEVELOPMENT_TEAM = 6X5K6FX2KM;
				GENERATE_INFOPLIST_FILE = YES;
				IPHONEOS_DEPLOYMENT_TARGET = 17.4;
				MARKETING_VERSION = 1.0;
				PRODUCT_BUNDLE_IDENTIFIER = kwk.connectingToGitHub2Tests;
				PRODUCT_NAME = "$(TARGET_NAME)";
				SWIFT_EMIT_LOC_STRINGS = NO;
				SWIFT_VERSION = 5.0;
				TARGETED_DEVICE_FAMILY = "1,2";
				TEST_HOST = "$(BUILT_PRODUCTS_DIR)/connectingToGitHub2.app/$(BUNDLE_EXECUTABLE_FOLDER_PATH)/connectingToGitHub2";
			};
			name = Debug;
		};
		950F78042C2C54C800EE3FF9 /* Release */ = {
			isa = XCBuildConfiguration;
			buildSettings = {
				ALWAYS_EMBED_SWIFT_STANDARD_LIBRARIES = YES;
				BUNDLE_LOADER = "$(TEST_HOST)";
				CODE_SIGN_STYLE = Automatic;
				CURRENT_PROJECT_VERSION = 1;
				DEVELOPMENT_TEAM = 6X5K6FX2KM;
				GENERATE_INFOPLIST_FILE = YES;
				IPHONEOS_DEPLOYMENT_TARGET = 17.4;
				MARKETING_VERSION = 1.0;
				PRODUCT_BUNDLE_IDENTIFIER = kwk.connectingToGitHub2Tests;
				PRODUCT_NAME = "$(TARGET_NAME)";
				SWIFT_EMIT_LOC_STRINGS = NO;
				SWIFT_VERSION = 5.0;
				TARGETED_DEVICE_FAMILY = "1,2";
				TEST_HOST = "$(BUILT_PRODUCTS_DIR)/connectingToGitHub2.app/$(BUNDLE_EXECUTABLE_FOLDER_PATH)/connectingToGitHub2";
			};
			name = Release;
		};
		950F78062C2C54C800EE3FF9 /* Debug */ = {
			isa = XCBuildConfiguration;
			buildSettings = {
				ALWAYS_EMBED_SWIFT_STANDARD_LIBRARIES = YES;
				CODE_SIGN_STYLE = Automatic;
				CURRENT_PROJECT_VERSION = 1;
				DEVELOPMENT_TEAM = 6X5K6FX2KM;
				GENERATE_INFOPLIST_FILE = YES;
				MARKETING_VERSION = 1.0;
				PRODUCT_BUNDLE_IDENTIFIER = kwk.connectingToGitHub2UITests;
				PRODUCT_NAME = "$(TARGET_NAME)";
				SWIFT_EMIT_LOC_STRINGS = NO;
				SWIFT_VERSION = 5.0;
				TARGETED_DEVICE_FAMILY = "1,2";
				TEST_TARGET_NAME = connectingToGitHub2;
			};
			name = Debug;
		};
		950F78072C2C54C800EE3FF9 /* Release */ = {
			isa = XCBuildConfiguration;
			buildSettings = {
				ALWAYS_EMBED_SWIFT_STANDARD_LIBRARIES = YES;
				CODE_SIGN_STYLE = Automatic;
				CURRENT_PROJECT_VERSION = 1;
				DEVELOPMENT_TEAM = 6X5K6FX2KM;
				GENERATE_INFOPLIST_FILE = YES;
				MARKETING_VERSION = 1.0;
				PRODUCT_BUNDLE_IDENTIFIER = kwk.connectingToGitHub2UITests;
				PRODUCT_NAME = "$(TARGET_NAME)";
				SWIFT_EMIT_LOC_STRINGS = NO;
				SWIFT_VERSION = 5.0;
				TARGETED_DEVICE_FAMILY = "1,2";
				TEST_TARGET_NAME = connectingToGitHub2;
			};
			name = Release;
		};
/* End XCBuildConfiguration section */

/* Begin XCConfigurationList section */
		950F77D62C2C54C600EE3FF9 /* Build configuration list for PBXProject "connectingToGitHub2" */ = {
			isa = XCConfigurationList;
			buildConfigurations = (
				950F77FD2C2C54C800EE3FF9 /* Debug */,
				950F77FE2C2C54C800EE3FF9 /* Release */,
			);
			defaultConfigurationIsVisible = 0;
			defaultConfigurationName = Release;
		};
		950F77FF2C2C54C800EE3FF9 /* Build configuration list for PBXNativeTarget "connectingToGitHub2" */ = {
			isa = XCConfigurationList;
			buildConfigurations = (
				950F78002C2C54C800EE3FF9 /* Debug */,
				950F78012C2C54C800EE3FF9 /* Release */,
			);
			defaultConfigurationIsVisible = 0;
			defaultConfigurationName = Release;
		};
		950F78022C2C54C800EE3FF9 /* Build configuration list for PBXNativeTarget "connectingToGitHub2Tests" */ = {
			isa = XCConfigurationList;
			buildConfigurations = (
				950F78032C2C54C800EE3FF9 /* Debug */,
				950F78042C2C54C800EE3FF9 /* Release */,
			);
			defaultConfigurationIsVisible = 0;
			defaultConfigurationName = Release;
		};
		950F78052C2C54C800EE3FF9 /* Build configuration list for PBXNativeTarget "connectingToGitHub2UITests" */ = {
			isa = XCConfigurationList;
			buildConfigurations = (
				950F78062C2C54C800EE3FF9 /* Debug */,
				950F78072C2C54C800EE3FF9 /* Release */,
			);
			defaultConfigurationIsVisible = 0;
			defaultConfigurationName = Release;
		};
/* End XCConfigurationList section */
	};
	rootObject = 950F77D32C2C54C600EE3FF9 /* Project object */;
}
